
Microsoft Visual Studio Solution File, Format Version 12.00
# Visual Studio 2012
Project("{2150E333-8FDC-42A3-9474-1A3956D46DE8}") = ".nuget", ".nuget", "{2BF084B6-7CC7-4EBB-8A97-13AFDC089962}"
	ProjectSection(SolutionItems) = preProject
		.nuget\NuGet.Config = .nuget\NuGet.Config
		.nuget\NuGet.exe = .nuget\NuGet.exe
	EndProjectSection
EndProject
Project("{2150E333-8FDC-42A3-9474-1A3956D46DE8}") = "Solution Items", "Solution Items", "{B5C32259-E0F6-4B81-83EA-A72229917FF8}"
	ProjectSection(SolutionItems) = preProject
		WE-Palette.css = WE-Palette.css
	EndProjectSection
EndProject
Project("{E24C65DC-7377-472B-9ABA-BC803B73C61A}") = "CorporateBlog.WebSite", "http://localhost:23329", "{5705CE29-09CC-44DB-A248-69F4192DCACD}"
	ProjectSection(WebsiteProperties) = preProject
		UseIISExpress = "true"
		TargetFrameworkMoniker = ".NETFramework,Version%3Dv4.5"
		Debug.AspNetCompiler.VirtualPath = "/localhost_23329"
		Debug.AspNetCompiler.PhysicalPath = "CorporateBlog.WebSite\"
		Debug.AspNetCompiler.TargetPath = "PrecompiledWeb\localhost_23329\"
		Debug.AspNetCompiler.Updateable = "true"
		Debug.AspNetCompiler.ForceOverwrite = "true"
		Debug.AspNetCompiler.FixedNames = "false"
		Debug.AspNetCompiler.Debug = "True"
		Release.AspNetCompiler.VirtualPath = "/localhost_23329"
		Release.AspNetCompiler.PhysicalPath = "CorporateBlog.WebSite\"
		Release.AspNetCompiler.TargetPath = "PrecompiledWeb\localhost_23329\"
		Release.AspNetCompiler.Updateable = "true"
		Release.AspNetCompiler.ForceOverwrite = "true"
		Release.AspNetCompiler.FixedNames = "false"
		Release.AspNetCompiler.Debug = "False"
		SlnRelativePath = "CorporateBlog.WebSite\"
	EndProjectSection
EndProject
Project("{FAE04EC0-301F-11D3-BF4B-00C04F79EFBC}") = "CorporateBlog.WebApi", "CorporateBlog.WebApi\CorporateBlog.WebApi.csproj", "{19B0FDC8-3105-4465-9D50-BC7A10C5564E}"
EndProject
Project("{FAE04EC0-301F-11D3-BF4B-00C04F79EFBC}") = "CorporateBlog.DAL", "CorporateBlog.DAL\CorporateBlog.DAL.csproj", "{44F1CEF1-11D8-44C2-999E-F69DD5DF4ACC}"
EndProject
Project("{FAE04EC0-301F-11D3-BF4B-00C04F79EFBC}") = "CorporateBlog.Common", "CorporateBlog.Common\CorporateBlog.Common.csproj", "{0F0CDA6C-E933-4B14-9DD6-B5D11A9CCA69}"
EndProject
Global
	GlobalSection(SolutionConfigurationPlatforms) = preSolution
		Debug|Any CPU = Debug|Any CPU
		Release|Any CPU = Release|Any CPU
	EndGlobalSection
	GlobalSection(ProjectConfigurationPlatforms) = postSolution
		{5705CE29-09CC-44DB-A248-69F4192DCACD}.Debug|Any CPU.ActiveCfg = Debug|Any CPU
		{5705CE29-09CC-44DB-A248-69F4192DCACD}.Debug|Any CPU.Build.0 = Debug|Any CPU
		{5705CE29-09CC-44DB-A248-69F4192DCACD}.Release|Any CPU.ActiveCfg = Debug|Any CPU
		{5705CE29-09CC-44DB-A248-69F4192DCACD}.Release|Any CPU.Build.0 = Debug|Any CPU
		{19B0FDC8-3105-4465-9D50-BC7A10C5564E}.Debug|Any CPU.ActiveCfg = Debug|Any CPU
		{19B0FDC8-3105-4465-9D50-BC7A10C5564E}.Debug|Any CPU.Build.0 = Debug|Any CPU
		{19B0FDC8-3105-4465-9D50-BC7A10C5564E}.Release|Any CPU.ActiveCfg = Release|Any CPU
		{19B0FDC8-3105-4465-9D50-BC7A10C5564E}.Release|Any CPU.Build.0 = Release|Any CPU
		{44F1CEF1-11D8-44C2-999E-F69DD5DF4ACC}.Debug|Any CPU.ActiveCfg = Debug|Any CPU
		{44F1CEF1-11D8-44C2-999E-F69DD5DF4ACC}.Debug|Any CPU.Build.0 = Debug|Any CPU
		{44F1CEF1-11D8-44C2-999E-F69DD5DF4ACC}.Release|Any CPU.ActiveCfg = Release|Any CPU
		{44F1CEF1-11D8-44C2-999E-F69DD5DF4ACC}.Release|Any CPU.Build.0 = Release|Any CPU
		{0F0CDA6C-E933-4B14-9DD6-B5D11A9CCA69}.Debug|Any CPU.ActiveCfg = Debug|Any CPU
		{0F0CDA6C-E933-4B14-9DD6-B5D11A9CCA69}.Debug|Any CPU.Build.0 = Debug|Any CPU
		{0F0CDA6C-E933-4B14-9DD6-B5D11A9CCA69}.Release|Any CPU.ActiveCfg = Release|Any CPU
		{0F0CDA6C-E933-4B14-9DD6-B5D11A9CCA69}.Release|Any CPU.Build.0 = Release|Any CPU
	EndGlobalSection
	GlobalSection(SolutionProperties) = preSolution
		HideSolutionNode = FALSE
	EndGlobalSection
EndGlobal
