
Microsoft Visual Studio Solution File, Format Version 12.00
# Visual Studio 2013
VisualStudioVersion = 12.0.30723.0
MinimumVisualStudioVersion = 10.0.40219.1
Project("{FAE04EC0-301F-11D3-BF4B-00C04F79EFBC}") = "CorporateBlog.Tests", "CorporateBlog.Tests\CorporateBlog.Tests.csproj", "{FCBF77E3-61E2-4D61-8262-373095E0B50B}"
EndProject
Project("{FAE04EC0-301F-11D3-BF4B-00C04F79EFBC}") = "CorporateBlog.DataAccessLayer", "CorporateBlog.DataAccessLayer\CorporateBlog.DataAccessLayer.csproj", "{362D9C4F-B60B-47C5-8F2D-0FF32E9E2938}"
EndProject
Project("{2150E333-8FDC-42A3-9474-1A3956D46DE8}") = ".nuget", ".nuget", "{2BF084B6-7CC7-4EBB-8A97-13AFDC089962}"
	ProjectSection(SolutionItems) = preProject
		.nuget\NuGet.Config = .nuget\NuGet.Config
		.nuget\NuGet.exe = .nuget\NuGet.exe
	EndProjectSection
EndProject
Project("{2150E333-8FDC-42A3-9474-1A3956D46DE8}") = "Solution Items", "Solution Items", "{B5C32259-E0F6-4B81-83EA-A72229917FF8}"
	ProjectSection(SolutionItems) = preProject
		WE-Palette.css = WE-Palette.css
	EndProjectSection
EndProject
Project("{E24C65DC-7377-472B-9ABA-BC803B73C61A}") = "CorporateBlog.WebSite", "http://localhost:23329", "{5705CE29-09CC-44DB-A248-69F4192DCACD}"
	ProjectSection(WebsiteProperties) = preProject
		UseIISExpress = "true"
		TargetFrameworkMoniker = ".NETFramework,Version%3Dv4.5"
		Debug.AspNetCompiler.VirtualPath = "/localhost_23329"
		Debug.AspNetCompiler.PhysicalPath = "CorporateBlog.WebSite\"
		Debug.AspNetCompiler.TargetPath = "PrecompiledWeb\localhost_23329\"
		Debug.AspNetCompiler.Updateable = "true"
		Debug.AspNetCompiler.ForceOverwrite = "true"
		Debug.AspNetCompiler.FixedNames = "false"
		Debug.AspNetCompiler.Debug = "True"
		Release.AspNetCompiler.VirtualPath = "/localhost_23329"
		Release.AspNetCompiler.PhysicalPath = "CorporateBlog.WebSite\"
		Release.AspNetCompiler.TargetPath = "PrecompiledWeb\localhost_23329\"
		Release.AspNetCompiler.Updateable = "true"
		Release.AspNetCompiler.ForceOverwrite = "true"
		Release.AspNetCompiler.FixedNames = "false"
		Release.AspNetCompiler.Debug = "False"
		SlnRelativePath = "CorporateBlog.WebSite\"
	EndProjectSection
EndProject
Global
	GlobalSection(SolutionConfigurationPlatforms) = preSolution
		Debug|Any CPU = Debug|Any CPU
		Release|Any CPU = Release|Any CPU
	EndGlobalSection
	GlobalSection(ProjectConfigurationPlatforms) = postSolution
		{FCBF77E3-61E2-4D61-8262-373095E0B50B}.Debug|Any CPU.ActiveCfg = Debug|Any CPU
		{FCBF77E3-61E2-4D61-8262-373095E0B50B}.Debug|Any CPU.Build.0 = Debug|Any CPU
		{FCBF77E3-61E2-4D61-8262-373095E0B50B}.Release|Any CPU.ActiveCfg = Release|Any CPU
		{FCBF77E3-61E2-4D61-8262-373095E0B50B}.Release|Any CPU.Build.0 = Release|Any CPU
		{362D9C4F-B60B-47C5-8F2D-0FF32E9E2938}.Debug|Any CPU.ActiveCfg = Debug|Any CPU
		{362D9C4F-B60B-47C5-8F2D-0FF32E9E2938}.Debug|Any CPU.Build.0 = Debug|Any CPU
		{362D9C4F-B60B-47C5-8F2D-0FF32E9E2938}.Release|Any CPU.ActiveCfg = Release|Any CPU
		{362D9C4F-B60B-47C5-8F2D-0FF32E9E2938}.Release|Any CPU.Build.0 = Release|Any CPU
		{5705CE29-09CC-44DB-A248-69F4192DCACD}.Debug|Any CPU.ActiveCfg = Debug|Any CPU
		{5705CE29-09CC-44DB-A248-69F4192DCACD}.Debug|Any CPU.Build.0 = Debug|Any CPU
		{5705CE29-09CC-44DB-A248-69F4192DCACD}.Release|Any CPU.ActiveCfg = Debug|Any CPU
		{5705CE29-09CC-44DB-A248-69F4192DCACD}.Release|Any CPU.Build.0 = Debug|Any CPU
	EndGlobalSection
	GlobalSection(SolutionProperties) = preSolution
		HideSolutionNode = FALSE
	EndGlobalSection
EndGlobal
